// !$*UTF8*$!
{
	archiveVersion = 1;
	classes = {
	};
	objectVersion = 50;
	objects = {

/* Begin PBXBuildFile section */
		5B0F40B222E6F5EA00C3FC12 /* ARViewController.swift in Sources */ = {isa = PBXBuildFile; fileRef = 5B0F40B022E6F5EA00C3FC12 /* ARViewController.swift */; };
		5B0F40B322E6F5EA00C3FC12 /* ARViewController.xib in Resources */ = {isa = PBXBuildFile; fileRef = 5B0F40B122E6F5EA00C3FC12 /* ARViewController.xib */; };
		5B0F40B622E71A9D00C3FC12 /* GiroscopioViewController.swift in Sources */ = {isa = PBXBuildFile; fileRef = 5B0F40B422E71A9D00C3FC12 /* GiroscopioViewController.swift */; };
		5B0F40B722E71A9D00C3FC12 /* GiroscopioViewController.xib in Resources */ = {isa = PBXBuildFile; fileRef = 5B0F40B522E71A9D00C3FC12 /* GiroscopioViewController.xib */; };
		5B3293E022E9977D00F3E268 /* QRViewController.swift in Sources */ = {isa = PBXBuildFile; fileRef = 5B3293DE22E9977D00F3E268 /* QRViewController.swift */; };
		5B3293E122E9977D00F3E268 /* QRViewController.xib in Resources */ = {isa = PBXBuildFile; fileRef = 5B3293DF22E9977D00F3E268 /* QRViewController.xib */; };
		5B3293E522F02F2E00F3E268 /* car.dae in Resources */ = {isa = PBXBuildFile; fileRef = 5B3293E322F02F2E00F3E268 /* car.dae */; };
		5B3293E622F02F2E00F3E268 /* paperPlane.scn in Resources */ = {isa = PBXBuildFile; fileRef = 5B3293E422F02F2E00F3E268 /* paperPlane.scn */; };
		5BB71BD022E0738100F14DBB /* SelectProjectViewController.swift in Sources */ = {isa = PBXBuildFile; fileRef = 5BB71BCF22E0738100F14DBB /* SelectProjectViewController.swift */; };
		5BB71BD222E0739500F14DBB /* Main.storyboard in Resources */ = {isa = PBXBuildFile; fileRef = 5BB71BD122E0739500F14DBB /* Main.storyboard */; };
		AA2121C422D32A25005D058D /* AppDelegate.swift in Sources */ = {isa = PBXBuildFile; fileRef = AA2121C322D32A25005D058D /* AppDelegate.swift */; };
		AA2121C622D32A25005D058D /* MapViewController.swift in Sources */ = {isa = PBXBuildFile; fileRef = AA2121C522D32A25005D058D /* MapViewController.swift */; };
		AA2121C922D32A25005D058D /* map.storyboard in Resources */ = {isa = PBXBuildFile; fileRef = AA2121C722D32A25005D058D /* map.storyboard */; };
		AA2121CB22D32A26005D058D /* Assets.xcassets in Resources */ = {isa = PBXBuildFile; fileRef = AA2121CA22D32A26005D058D /* Assets.xcassets */; };
		AA2121CE22D32A26005D058D /* LaunchScreen.storyboard in Resources */ = {isa = PBXBuildFile; fileRef = AA2121CC22D32A26005D058D /* LaunchScreen.storyboard */; };
		AA2829A922E1D7BA00A5F6C7 /* bcnlocations.json in Resources */ = {isa = PBXBuildFile; fileRef = AA2829A822E1D7BA00A5F6C7 /* bcnlocations.json */; };
		AA2829AB22E1D80A00A5F6C7 /* MarkersResponseModel.swift in Sources */ = {isa = PBXBuildFile; fileRef = AA2829AA22E1D80A00A5F6C7 /* MarkersResponseModel.swift */; };
/* End PBXBuildFile section */

/* Begin PBXFileReference section */
		5B0F40B022E6F5EA00C3FC12 /* ARViewController.swift */ = {isa = PBXFileReference; lastKnownFileType = sourcecode.swift; path = ARViewController.swift; sourceTree = "<group>"; };
		5B0F40B122E6F5EA00C3FC12 /* ARViewController.xib */ = {isa = PBXFileReference; lastKnownFileType = file.xib; path = ARViewController.xib; sourceTree = "<group>"; };
		5B0F40B422E71A9D00C3FC12 /* GiroscopioViewController.swift */ = {isa = PBXFileReference; lastKnownFileType = sourcecode.swift; path = GiroscopioViewController.swift; sourceTree = "<group>"; };
		5B0F40B522E71A9D00C3FC12 /* GiroscopioViewController.xib */ = {isa = PBXFileReference; lastKnownFileType = file.xib; path = GiroscopioViewController.xib; sourceTree = "<group>"; };
		5B3293DE22E9977D00F3E268 /* QRViewController.swift */ = {isa = PBXFileReference; lastKnownFileType = sourcecode.swift; path = QRViewController.swift; sourceTree = "<group>"; };
		5B3293DF22E9977D00F3E268 /* QRViewController.xib */ = {isa = PBXFileReference; lastKnownFileType = file.xib; path = QRViewController.xib; sourceTree = "<group>"; };
		5B3293E322F02F2E00F3E268 /* car.dae */ = {isa = PBXFileReference; fileEncoding = 4; lastKnownFileType = text.xml.dae; path = car.dae; sourceTree = "<group>"; };
		5B3293E422F02F2E00F3E268 /* paperPlane.scn */ = {isa = PBXFileReference; lastKnownFileType = file.bplist; path = paperPlane.scn; sourceTree = "<group>"; };
		5BB71BCF22E0738100F14DBB /* SelectProjectViewController.swift */ = {isa = PBXFileReference; lastKnownFileType = sourcecode.swift; path = SelectProjectViewController.swift; sourceTree = "<group>"; };
		5BB71BD122E0739500F14DBB /* Main.storyboard */ = {isa = PBXFileReference; lastKnownFileType = file.storyboard; path = Main.storyboard; sourceTree = "<group>"; };
		AA2121C022D32A25005D058D /* mapsApp.app */ = {isa = PBXFileReference; explicitFileType = wrapper.application; includeInIndex = 0; path = mapsApp.app; sourceTree = BUILT_PRODUCTS_DIR; };
		AA2121C322D32A25005D058D /* AppDelegate.swift */ = {isa = PBXFileReference; lastKnownFileType = sourcecode.swift; path = AppDelegate.swift; sourceTree = "<group>"; };
		AA2121C522D32A25005D058D /* MapViewController.swift */ = {isa = PBXFileReference; lastKnownFileType = sourcecode.swift; path = MapViewController.swift; sourceTree = "<group>"; };
		AA2121C822D32A25005D058D /* Base */ = {isa = PBXFileReference; lastKnownFileType = file.storyboard; name = Base; path = Base.lproj/map.storyboard; sourceTree = "<group>"; };
		AA2121CA22D32A26005D058D /* Assets.xcassets */ = {isa = PBXFileReference; lastKnownFileType = folder.assetcatalog; path = Assets.xcassets; sourceTree = "<group>"; };
		AA2121CD22D32A26005D058D /* Base */ = {isa = PBXFileReference; lastKnownFileType = file.storyboard; name = Base; path = Base.lproj/LaunchScreen.storyboard; sourceTree = "<group>"; };
		AA2121CF22D32A26005D058D /* Info.plist */ = {isa = PBXFileReference; lastKnownFileType = text.plist.xml; path = Info.plist; sourceTree = "<group>"; };
		AA2829A822E1D7BA00A5F6C7 /* bcnlocations.json */ = {isa = PBXFileReference; fileEncoding = 4; lastKnownFileType = text.json; path = bcnlocations.json; sourceTree = "<group>"; };
		AA2829AA22E1D80A00A5F6C7 /* MarkersResponseModel.swift */ = {isa = PBXFileReference; lastKnownFileType = sourcecode.swift; path = MarkersResponseModel.swift; sourceTree = "<group>"; };
/* End PBXFileReference section */

/* Begin PBXFrameworksBuildPhase section */
		AA2121BD22D32A25005D058D /* Frameworks */ = {
			isa = PBXFrameworksBuildPhase;
			buildActionMask = 2147483647;
			files = (
			);
			runOnlyForDeploymentPostprocessing = 0;
		};
/* End PBXFrameworksBuildPhase section */

/* Begin PBXGroup section */
		5B3293E222F02F2E00F3E268 /* 3D Objects */ = {
			isa = PBXGroup;
			children = (
				5B3293E322F02F2E00F3E268 /* car.dae */,
				5B3293E422F02F2E00F3E268 /* paperPlane.scn */,
			);
			path = "3D Objects";
			sourceTree = "<group>";
		};
		5BB71BCD22E072E800F14DBB /* AR-Street */ = {
			isa = PBXGroup;
			children = (
				5B3293E222F02F2E00F3E268 /* 3D Objects */,
				5B0F40B022E6F5EA00C3FC12 /* ARViewController.swift */,
				5B0F40B122E6F5EA00C3FC12 /* ARViewController.xib */,
				5B0F40B422E71A9D00C3FC12 /* GiroscopioViewController.swift */,
				5B0F40B522E71A9D00C3FC12 /* GiroscopioViewController.xib */,
				5B3293DE22E9977D00F3E268 /* QRViewController.swift */,
				5B3293DF22E9977D00F3E268 /* QRViewController.xib */,
			);
			path = "AR-Street";
			sourceTree = "<group>";
		};
		5BB71BCE22E0731B00F14DBB /* Maps */ = {
			isa = PBXGroup;
			children = (
				AA2829A822E1D7BA00A5F6C7 /* bcnlocations.json */,
				AA2121C522D32A25005D058D /* MapViewController.swift */,
				AA2121C722D32A25005D058D /* map.storyboard */,
				AA2829AA22E1D80A00A5F6C7 /* MarkersResponseModel.swift */,
			);
			path = Maps;
			sourceTree = "<group>";
		};
		AA2121B722D32A25005D058D = {
			isa = PBXGroup;
			children = (
				AA2121C222D32A25005D058D /* MapsApp */,
				AA2121C122D32A25005D058D /* Products */,
			);
			sourceTree = "<group>";
		};
		AA2121C122D32A25005D058D /* Products */ = {
			isa = PBXGroup;
			children = (
				AA2121C022D32A25005D058D /* mapsApp.app */,
			);
			name = Products;
			sourceTree = "<group>";
		};
		AA2121C222D32A25005D058D /* MapsApp */ = {
			isa = PBXGroup;
			children = (
				5BB71BCE22E0731B00F14DBB /* Maps */,
				5BB71BCD22E072E800F14DBB /* AR-Street */,
				AA2121C322D32A25005D058D /* AppDelegate.swift */,
				AA2121CA22D32A26005D058D /* Assets.xcassets */,
				AA2121CC22D32A26005D058D /* LaunchScreen.storyboard */,
				AA2121CF22D32A26005D058D /* Info.plist */,
				5BB71BCF22E0738100F14DBB /* SelectProjectViewController.swift */,
				5BB71BD122E0739500F14DBB /* Main.storyboard */,
			);
			path = MapsApp;
			sourceTree = "<group>";
		};
/* End PBXGroup section */

/* Begin PBXNativeTarget section */
		AA2121BF22D32A25005D058D /* mapsApp */ = {
			isa = PBXNativeTarget;
			buildConfigurationList = AA2121D222D32A26005D058D /* Build configuration list for PBXNativeTarget "mapsApp" */;
			buildPhases = (
				AA2121BC22D32A25005D058D /* Sources */,
				AA2121BD22D32A25005D058D /* Frameworks */,
				AA2121BE22D32A25005D058D /* Resources */,
			);
			buildRules = (
			);
			dependencies = (
			);
			name = mapsApp;
			productName = mapsApp;
			productReference = AA2121C022D32A25005D058D /* mapsApp.app */;
			productType = "com.apple.product-type.application";
		};
/* End PBXNativeTarget section */

/* Begin PBXProject section */
		AA2121B822D32A25005D058D /* Project object */ = {
			isa = PBXProject;
			attributes = {
				LastSwiftUpdateCheck = 1010;
				LastUpgradeCheck = 1010;
				ORGANIZATIONNAME = "Cristina Saura Pérez";
				TargetAttributes = {
					AA2121BF22D32A25005D058D = {
						CreatedOnToolsVersion = 10.1;
					};
				};
			};
			buildConfigurationList = AA2121BB22D32A25005D058D /* Build configuration list for PBXProject "MapsApp" */;
			compatibilityVersion = "Xcode 9.3";
			developmentRegion = en;
			hasScannedForEncodings = 0;
			knownRegions = (
				en,
				Base,
			);
			mainGroup = AA2121B722D32A25005D058D;
			productRefGroup = AA2121C122D32A25005D058D /* Products */;
			projectDirPath = "";
			projectRoot = "";
			targets = (
				AA2121BF22D32A25005D058D /* mapsApp */,
			);
		};
/* End PBXProject section */

/* Begin PBXResourcesBuildPhase section */
		AA2121BE22D32A25005D058D /* Resources */ = {
			isa = PBXResourcesBuildPhase;
			buildActionMask = 2147483647;
			files = (
				5B3293E522F02F2E00F3E268 /* car.dae in Resources */,
				5B0F40B722E71A9D00C3FC12 /* GiroscopioViewController.xib in Resources */,
				AA2121CE22D32A26005D058D /* LaunchScreen.storyboard in Resources */,
				AA2829A922E1D7BA00A5F6C7 /* bcnlocations.json in Resources */,
				AA2121CB22D32A26005D058D /* Assets.xcassets in Resources */,
				5B0F40B322E6F5EA00C3FC12 /* ARViewController.xib in Resources */,
				5B3293E122E9977D00F3E268 /* QRViewController.xib in Resources */,
				AA2121C922D32A25005D058D /* map.storyboard in Resources */,
				5B3293E622F02F2E00F3E268 /* paperPlane.scn in Resources */,
				5BB71BD222E0739500F14DBB /* Main.storyboard in Resources */,
			);
			runOnlyForDeploymentPostprocessing = 0;
		};
/* End PBXResourcesBuildPhase section */

/* Begin PBXSourcesBuildPhase section */
		AA2121BC22D32A25005D058D /* Sources */ = {
			isa = PBXSourcesBuildPhase;
			buildActionMask = 2147483647;
			files = (
				AA2121C622D32A25005D058D /* MapViewController.swift in Sources */,
				AA2121C422D32A25005D058D /* AppDelegate.swift in Sources */,
				AA2829AB22E1D80A00A5F6C7 /* MarkersResponseModel.swift in Sources */,
				5BB71BD022E0738100F14DBB /* SelectProjectViewController.swift in Sources */,
				5B0F40B222E6F5EA00C3FC12 /* ARViewController.swift in Sources */,
				5B0F40B622E71A9D00C3FC12 /* GiroscopioViewController.swift in Sources */,
				5B3293E022E9977D00F3E268 /* QRViewController.swift in Sources */,
			);
			runOnlyForDeploymentPostprocessing = 0;
		};
/* End PBXSourcesBuildPhase section */

/* Begin PBXVariantGroup section */
		AA2121C722D32A25005D058D /* map.storyboard */ = {
			isa = PBXVariantGroup;
			children = (
				AA2121C822D32A25005D058D /* Base */,
			);
			name = map.storyboard;
			sourceTree = "<group>";
		};
		AA2121CC22D32A26005D058D /* LaunchScreen.storyboard */ = {
			isa = PBXVariantGroup;
			children = (
				AA2121CD22D32A26005D058D /* Base */,
			);
			name = LaunchScreen.storyboard;
			sourceTree = "<group>";
		};
/* End PBXVariantGroup section */

/* Begin XCBuildConfiguration section */
		AA2121D022D32A26005D058D /* Debug */ = {
			isa = XCBuildConfiguration;
			buildSettings = {
				ALWAYS_SEARCH_USER_PATHS = NO;
				CLANG_ANALYZER_NONNULL = YES;
				CLANG_ANALYZER_NUMBER_OBJECT_CONVERSION = YES_AGGRESSIVE;
				CLANG_CXX_LANGUAGE_STANDARD = "gnu++14";
				CLANG_CXX_LIBRARY = "libc++";
				CLANG_ENABLE_MODULES = YES;
				CLANG_ENABLE_OBJC_ARC = YES;
				CLANG_ENABLE_OBJC_WEAK = YES;
				CLANG_WARN_BLOCK_CAPTURE_AUTORELEASING = YES;
				CLANG_WARN_BOOL_CONVERSION = YES;
				CLANG_WARN_COMMA = YES;
				CLANG_WARN_CONSTANT_CONVERSION = YES;
				CLANG_WARN_DEPRECATED_OBJC_IMPLEMENTATIONS = YES;
				CLANG_WARN_DIRECT_OBJC_ISA_USAGE = YES_ERROR;
				CLANG_WARN_DOCUMENTATION_COMMENTS = YES;
				CLANG_WARN_EMPTY_BODY = YES;
				CLANG_WARN_ENUM_CONVERSION = YES;
				CLANG_WARN_INFINITE_RECURSION = YES;
				CLANG_WARN_INT_CONVERSION = YES;
				CLANG_WARN_NON_LITERAL_NULL_CONVERSION = YES;
				CLANG_WARN_OBJC_IMPLICIT_RETAIN_SELF = YES;
				CLANG_WARN_OBJC_LITERAL_CONVERSION = YES;
				CLANG_WARN_OBJC_ROOT_CLASS = YES_ERROR;
				CLANG_WARN_RANGE_LOOP_ANALYSIS = YES;
				CLANG_WARN_STRICT_PROTOTYPES = YES;
				CLANG_WARN_SUSPICIOUS_MOVE = YES;
				CLANG_WARN_UNGUARDED_AVAILABILITY = YES_AGGRESSIVE;
				CLANG_WARN_UNREACHABLE_CODE = YES;
				CLANG_WARN__DUPLICATE_METHOD_MATCH = YES;
				CODE_SIGN_IDENTITY = "iPhone Developer";
				COPY_PHASE_STRIP = NO;
				DEBUG_INFORMATION_FORMAT = dwarf;
				ENABLE_STRICT_OBJC_MSGSEND = YES;
				ENABLE_TESTABILITY = YES;
				GCC_C_LANGUAGE_STANDARD = gnu11;
				GCC_DYNAMIC_NO_PIC = NO;
				GCC_NO_COMMON_BLOCKS = YES;
				GCC_OPTIMIZATION_LEVEL = 0;
				GCC_PREPROCESSOR_DEFINITIONS = (
					"DEBUG=1",
					"$(inherited)",
				);
				GCC_WARN_64_TO_32_BIT_CONVERSION = YES;
				GCC_WARN_ABOUT_RETURN_TYPE = YES_ERROR;
				GCC_WARN_UNDECLARED_SELECTOR = YES;
				GCC_WARN_UNINITIALIZED_AUTOS = YES_AGGRESSIVE;
				GCC_WARN_UNUSED_FUNCTION = YES;
				GCC_WARN_UNUSED_VARIABLE = YES;
				IPHONEOS_DEPLOYMENT_TARGET = 12.1;
				MTL_ENABLE_DEBUG_INFO = INCLUDE_SOURCE;
				MTL_FAST_MATH = YES;
				ONLY_ACTIVE_ARCH = YES;
				SDKROOT = iphoneos;
				SWIFT_ACTIVE_COMPILATION_CONDITIONS = DEBUG;
				SWIFT_OPTIMIZATION_LEVEL = "-Onone";
			};
			name = Debug;
		};
		AA2121D122D32A26005D058D /* Release */ = {
			isa = XCBuildConfiguration;
			buildSettings = {
				ALWAYS_SEARCH_USER_PATHS = NO;
				CLANG_ANALYZER_NONNULL = YES;
				CLANG_ANALYZER_NUMBER_OBJECT_CONVERSION = YES_AGGRESSIVE;
				CLANG_CXX_LANGUAGE_STANDARD = "gnu++14";
				CLANG_CXX_LIBRARY = "libc++";
				CLANG_ENABLE_MODULES = YES;
				CLANG_ENABLE_OBJC_ARC = YES;
				CLANG_ENABLE_OBJC_WEAK = YES;
				CLANG_WARN_BLOCK_CAPTURE_AUTORELEASING = YES;
				CLANG_WARN_BOOL_CONVERSION = YES;
				CLANG_WARN_COMMA = YES;
				CLANG_WARN_CONSTANT_CONVERSION = YES;
				CLANG_WARN_DEPRECATED_OBJC_IMPLEMENTATIONS = YES;
				CLANG_WARN_DIRECT_OBJC_ISA_USAGE = YES_ERROR;
				CLANG_WARN_DOCUMENTATION_COMMENTS = YES;
				CLANG_WARN_EMPTY_BODY = YES;
				CLANG_WARN_ENUM_CONVERSION = YES;
				CLANG_WARN_INFINITE_RECURSION = YES;
				CLANG_WARN_INT_CONVERSION = YES;
				CLANG_WARN_NON_LITERAL_NULL_CONVERSION = YES;
				CLANG_WARN_OBJC_IMPLICIT_RETAIN_SELF = YES;
				CLANG_WARN_OBJC_LITERAL_CONVERSION = YES;
				CLANG_WARN_OBJC_ROOT_CLASS = YES_ERROR;
				CLANG_WARN_RANGE_LOOP_ANALYSIS = YES;
				CLANG_WARN_STRICT_PROTOTYPES = YES;
				CLANG_WARN_SUSPICIOUS_MOVE = YES;
				CLANG_WARN_UNGUARDED_AVAILABILITY = YES_AGGRESSIVE;
				CLANG_WARN_UNREACHABLE_CODE = YES;
				CLANG_WARN__DUPLICATE_METHOD_MATCH = YES;
				CODE_SIGN_IDENTITY = "iPhone Developer";
				COPY_PHASE_STRIP = NO;
				DEBUG_INFORMATION_FORMAT = "dwarf-with-dsym";
				ENABLE_NS_ASSERTIONS = NO;
				ENABLE_STRICT_OBJC_MSGSEND = YES;
				GCC_C_LANGUAGE_STANDARD = gnu11;
				GCC_NO_COMMON_BLOCKS = YES;
				GCC_WARN_64_TO_32_BIT_CONVERSION = YES;
				GCC_WARN_ABOUT_RETURN_TYPE = YES_ERROR;
				GCC_WARN_UNDECLARED_SELECTOR = YES;
				GCC_WARN_UNINITIALIZED_AUTOS = YES_AGGRESSIVE;
				GCC_WARN_UNUSED_FUNCTION = YES;
				GCC_WARN_UNUSED_VARIABLE = YES;
				IPHONEOS_DEPLOYMENT_TARGET = 12.1;
				MTL_ENABLE_DEBUG_INFO = NO;
				MTL_FAST_MATH = YES;
				SDKROOT = iphoneos;
				SWIFT_COMPILATION_MODE = wholemodule;
				SWIFT_OPTIMIZATION_LEVEL = "-O";
				VALIDATE_PRODUCT = YES;
			};
			name = Release;
		};
		AA2121D322D32A26005D058D /* Debug */ = {
			isa = XCBuildConfiguration;
			buildSettings = {
				ASSETCATALOG_COMPILER_APPICON_NAME = AppIcon;
				CODE_SIGN_STYLE = Automatic;
				DEVELOPMENT_TEAM = 3WSJD6HPTZ;
				INFOPLIST_FILE = mapsApp/Info.plist;
				LD_RUNPATH_SEARCH_PATHS = (
					"$(inherited)",
					"@executable_path/Frameworks",
				);
				PRODUCT_BUNDLE_IDENTIFIER = cristina.mapsApp;
				PRODUCT_NAME = "$(TARGET_NAME)";
				SWIFT_VERSION = 4.2;
				TARGETED_DEVICE_FAMILY = "1,2";
			};
			name = Debug;
		};
		AA2121D422D32A26005D058D /* Release */ = {
			isa = XCBuildConfiguration;
			buildSettings = {
				ASSETCATALOG_COMPILER_APPICON_NAME = AppIcon;
				CODE_SIGN_STYLE = Automatic;
				DEVELOPMENT_TEAM = 3WSJD6HPTZ;
				INFOPLIST_FILE = mapsApp/Info.plist;
				LD_RUNPATH_SEARCH_PATHS = (
					"$(inherited)",
					"@executable_path/Frameworks",
				);
				PRODUCT_BUNDLE_IDENTIFIER = cristina.mapsApp;
				PRODUCT_NAME = "$(TARGET_NAME)";
				SWIFT_VERSION = 4.2;
				TARGETED_DEVICE_FAMILY = "1,2";
			};
			name = Release;
		};
/* End XCBuildConfiguration section */

/* Begin XCConfigurationList section */
		AA2121BB22D32A25005D058D /* Build configuration list for PBXProject "MapsApp" */ = {
			isa = XCConfigurationList;
			buildConfigurations = (
				AA2121D022D32A26005D058D /* Debug */,
				AA2121D122D32A26005D058D /* Release */,
			);
			defaultConfigurationIsVisible = 0;
			defaultConfigurationName = Release;
		};
		AA2121D222D32A26005D058D /* Build configuration list for PBXNativeTarget "mapsApp" */ = {
			isa = XCConfigurationList;
			buildConfigurations = (
				AA2121D322D32A26005D058D /* Debug */,
				AA2121D422D32A26005D058D /* Release */,
			);
			defaultConfigurationIsVisible = 0;
			defaultConfigurationName = Release;
		};
/* End XCConfigurationList section */
	};
	rootObject = AA2121B822D32A25005D058D /* Project object */;
}
